
Microsoft Visual Studio Solution File, Format Version 12.00
# Visual Studio 15
VisualStudioVersion = 15.0.27428.2005
MinimumVisualStudioVersion = 10.0.40219.1
Project("{FAE04EC0-301F-11D3-BF4B-00C04F79EFBC}") = "TimerEx", "TimerEx\TimerEx.csproj", "{C12F3EAB-D0A0-443C-901E-A891E4AFB89E}"
EndProject
Global
	GlobalSection(SolutionConfigurationPlatforms) = preSolution
		Debug|Any CPU = Debug|Any CPU
		Release|Any CPU = Release|Any CPU
	EndGlobalSection
	GlobalSection(ProjectConfigurationPlatforms) = postSolution
		{C12F3EAB-D0A0-443C-901E-A891E4AFB89E}.Debug|Any CPU.ActiveCfg = Debug|Any CPU
		{C12F3EAB-D0A0-443C-901E-A891E4AFB89E}.Debug|Any CPU.Build.0 = Debug|Any CPU
		{C12F3EAB-D0A0-443C-901E-A891E4AFB89E}.Release|Any CPU.ActiveCfg = Release|Any CPU
		{C12F3EAB-D0A0-443C-901E-A891E4AFB89E}.Release|Any CPU.Build.0 = Release|Any CPU
	EndGlobalSection
	GlobalSection(SolutionProperties) = preSolution
		HideSolutionNode = FALSE
	EndGlobalSection
	GlobalSection(ExtensibilityGlobals) = postSolution
		SolutionGuid = {4D66DB0A-AC42-4697-9BE2-BFDFEE447AEC}
	EndGlobalSection
EndGlobal
